
Microsoft Visual Studio Solution File, Format Version 12.00
# Visual Studio Version 17
VisualStudioVersion = 17.5.002.0
MinimumVisualStudioVersion = 10.0.40219.1
Project("{9A19103F-16F7-4668-BE54-9A1E7A4F7556}") = "WineApi", "src\WineApi\WineApi.csproj", "{BE8FC573-2A53-4135-BAC0-F509BF1E41E7}"
EndProject
Project("{9A19103F-16F7-4668-BE54-9A1E7A4F7556}") = "WineApi.Tests", "tests\WineApi.Tests\WineApi.Tests.csproj", "{F8A9C8D1-3B4E-4F2A-9D6C-8E7F1A2B3C4D}"
EndProject
Global
	GlobalSection(SolutionConfigurationPlatforms) = preSolution
		Debug|Any CPU = Debug|Any CPU
		Release|Any CPU = Release|Any CPU
	EndGlobalSection
	GlobalSection(ProjectConfigurationPlatforms) = postSolution
		{BE8FC573-2A53-4135-BAC0-F509BF1E41E7}.Debug|Any CPU.ActiveCfg = Debug|Any CPU
		{BE8FC573-2A53-4135-BAC0-F509BF1E41E7}.Debug|Any CPU.Build.0 = Debug|Any CPU
		{BE8FC573-2A53-4135-BAC0-F509BF1E41E7}.Release|Any CPU.ActiveCfg = Release|Any CPU
		{BE8FC573-2A53-4135-BAC0-F509BF1E41E7}.Release|Any CPU.Build.0 = Release|Any CPU
		{F8A9C8D1-3B4E-4F2A-9D6C-8E7F1A2B3C4D}.Debug|Any CPU.ActiveCfg = Debug|Any CPU
		{F8A9C8D1-3B4E-4F2A-9D6C-8E7F1A2B3C4D}.Debug|Any CPU.Build.0 = Debug|Any CPU
		{F8A9C8D1-3B4E-4F2A-9D6C-8E7F1A2B3C4D}.Release|Any CPU.ActiveCfg = Release|Any CPU
		{F8A9C8D1-3B4E-4F2A-9D6C-8E7F1A2B3C4D}.Release|Any CPU.Build.0 = Release|Any CPU
	EndGlobalSection
	GlobalSection(SolutionProperties) = preSolution
		HideSolutionNode = FALSE
	EndGlobalSection
	GlobalSection(ExtensibilityGlobals) = postSolution
		SolutionGuid = {6548724D-B950-41CA-87E2-C5E48A339CCB}
	EndGlobalSection
EndGlobal
